
Microsoft Visual Studio Solution File, Format Version 12.00
# Visual Studio Version 17
VisualStudioVersion = 17.9.34728.123
MinimumVisualStudioVersion = 10.0.40219.1
Project("{2150E333-8FDC-42A3-9474-1A3956D46DE8}") = "src", "src", "{827E0CD3-B72D-47B6-A68D-7590B98EB39B}"
EndProject
Project("{FAE04EC0-301F-11D3-BF4B-00C04F79EFBC}") = "WeatherApp.Outbox", "src\WeatherApp.Outbox\WeatherApp.Outbox.csproj", "{68B700C9-C08C-46AA-85F6-9E6E9B3F745B}"
EndProject
Project("{2150E333-8FDC-42A3-9474-1A3956D46DE8}") = "tests", "tests", "{0AB3BF05-4346-4AA6-1389-037BE0695223}"
EndProject
Project("{FAE04EC0-301F-11D3-BF4B-00C04F79EFBC}") = "WeatherApp.Tests.e2eComponentTests", "tests\WeatherApp.Tests\WeatherApp.Tests.e2eComponentTests.csproj", "{6C17F3CA-81A1-4D63-B5FE-B5733E5C5E99}"
EndProject
Project("{FAE04EC0-301F-11D3-BF4B-00C04F79EFBC}") = "WeatherApp.API", "src\WeatherApp.API\WeatherApp.API.csproj", "{F73A61EE-5D3D-4E22-A05E-0AD47B3C0CBA}"
EndProject
Project("{FAE04EC0-301F-11D3-BF4B-00C04F79EFBC}") = "WeatherApp.Application", "src\WeatherApp.Application\WeatherApp.Application.csproj", "{E7FB523D-B119-4489-9D4C-292EBFC3F24F}"
EndProject
Project("{FAE04EC0-301F-11D3-BF4B-00C04F79EFBC}") = "WeatherApp.Domain", "src\WeatherApp.Domain\WeatherApp.Domain.csproj", "{721669B5-8678-42CD-9BDD-C4100A126AE7}"
EndProject
Project("{FAE04EC0-301F-11D3-BF4B-00C04F79EFBC}") = "WeatherApp.EventListener", "src\WeatherApp.EventListener\WeatherApp.EventListener.csproj", "{2A37A91A-7E69-4184-A327-E595DB3F2FFB}"
EndProject
Project("{FAE04EC0-301F-11D3-BF4B-00C04F79EFBC}") = "WeatherApp.Infrastructure", "src\WeatherApp.Infrastructure\WeatherApp.Infrastructure.csproj", "{448E920C-A150-40A2-A1DF-832FA0CA561A}"
EndProject
Project("{2150E333-8FDC-42A3-9474-1A3956D46DE8}") = "external-dummy-apps", "external-dummy-apps", "{0B25D7EC-A69D-02FA-0B6B-A9C9B7880A8B}"
EndProject
Project("{FAE04EC0-301F-11D3-BF4B-00C04F79EFBC}") = "NotificationService", "external-dummy-apps\NotificationService\NotificationService.csproj", "{12AA1F07-A352-4320-B587-85184E11D912}"
EndProject
Project("{FAE04EC0-301F-11D3-BF4B-00C04F79EFBC}") = "ContributorPaymentsService", "external-dummy-apps\ContributorPaymentsService\ContributorPaymentsService.csproj", "{6D3B0E95-43B6-4BC7-A02D-0BD9202C64AC}"
EndProject
Project("{FAE04EC0-301F-11D3-BF4B-00C04F79EFBC}") = "WeatherDataModelingSystem", "external-dummy-apps\WeatherDataModelingSystem\WeatherDataModelingSystem.csproj", "{E0278DE5-039D-47F4-BD2E-7DDB31DACC22}"
EndProject
Project("{FAE04EC0-301F-11D3-BF4B-00C04F79EFBC}") = "AppHost", "AppHost\AppHost.csproj", "{57D88C47-E869-4FB3-BC66-9B2F347A69AD}"
EndProject
Project("{FAE04EC0-301F-11D3-BF4B-00C04F79EFBC}") = "ServiceDefaults", "ServiceDefaults\ServiceDefaults.csproj", "{1C73E6FE-6C39-46E7-8C56-5A1BCF8F76DA}"
EndProject
Project("{2150E333-8FDC-42A3-9474-1A3956D46DE8}") = "database", "database", "{E0096E63-5207-411F-2649-837654E3C58A}"
EndProject
Project("{00D1A9C2-B5F0-4AF3-8072-F6C62B433612}") = "WeatherAppDb", "database\WeatherAppDb.sqlproj", "{838F9F76-BE34-40E3-BA0C-0873A80D102C}"
EndProject
Global
	GlobalSection(SolutionConfigurationPlatforms) = preSolution
		Debug|Any CPU = Debug|Any CPU
		Debug|x64 = Debug|x64
		Debug|x86 = Debug|x86
		Release|Any CPU = Release|Any CPU
		Release|x64 = Release|x64
		Release|x86 = Release|x86
	EndGlobalSection
	GlobalSection(ProjectConfigurationPlatforms) = postSolution
		{68B700C9-C08C-46AA-85F6-9E6E9B3F745B}.Debug|Any CPU.ActiveCfg = Debug|Any CPU
		{68B700C9-C08C-46AA-85F6-9E6E9B3F745B}.Debug|Any CPU.Build.0 = Debug|Any CPU
		{68B700C9-C08C-46AA-85F6-9E6E9B3F745B}.Debug|x64.ActiveCfg = Debug|Any CPU
		{68B700C9-C08C-46AA-85F6-9E6E9B3F745B}.Debug|x64.Build.0 = Debug|Any CPU
		{68B700C9-C08C-46AA-85F6-9E6E9B3F745B}.Debug|x86.ActiveCfg = Debug|Any CPU
		{68B700C9-C08C-46AA-85F6-9E6E9B3F745B}.Debug|x86.Build.0 = Debug|Any CPU
		{68B700C9-C08C-46AA-85F6-9E6E9B3F745B}.Release|Any CPU.ActiveCfg = Release|Any CPU
		{68B700C9-C08C-46AA-85F6-9E6E9B3F745B}.Release|Any CPU.Build.0 = Release|Any CPU
		{68B700C9-C08C-46AA-85F6-9E6E9B3F745B}.Release|x64.ActiveCfg = Release|Any CPU
		{68B700C9-C08C-46AA-85F6-9E6E9B3F745B}.Release|x64.Build.0 = Release|Any CPU
		{68B700C9-C08C-46AA-85F6-9E6E9B3F745B}.Release|x86.ActiveCfg = Release|Any CPU
		{68B700C9-C08C-46AA-85F6-9E6E9B3F745B}.Release|x86.Build.0 = Release|Any CPU
		{6C17F3CA-81A1-4D63-B5FE-B5733E5C5E99}.Debug|Any CPU.ActiveCfg = Debug|Any CPU
		{6C17F3CA-81A1-4D63-B5FE-B5733E5C5E99}.Debug|Any CPU.Build.0 = Debug|Any CPU
		{6C17F3CA-81A1-4D63-B5FE-B5733E5C5E99}.Debug|x64.ActiveCfg = Debug|Any CPU
		{6C17F3CA-81A1-4D63-B5FE-B5733E5C5E99}.Debug|x64.Build.0 = Debug|Any CPU
		{6C17F3CA-81A1-4D63-B5FE-B5733E5C5E99}.Debug|x86.ActiveCfg = Debug|Any CPU
		{6C17F3CA-81A1-4D63-B5FE-B5733E5C5E99}.Debug|x86.Build.0 = Debug|Any CPU
		{6C17F3CA-81A1-4D63-B5FE-B5733E5C5E99}.Release|Any CPU.ActiveCfg = Release|Any CPU
		{6C17F3CA-81A1-4D63-B5FE-B5733E5C5E99}.Release|Any CPU.Build.0 = Release|Any CPU
		{6C17F3CA-81A1-4D63-B5FE-B5733E5C5E99}.Release|x64.ActiveCfg = Release|Any CPU
		{6C17F3CA-81A1-4D63-B5FE-B5733E5C5E99}.Release|x64.Build.0 = Release|Any CPU
		{6C17F3CA-81A1-4D63-B5FE-B5733E5C5E99}.Release|x86.ActiveCfg = Release|Any CPU
		{6C17F3CA-81A1-4D63-B5FE-B5733E5C5E99}.Release|x86.Build.0 = Release|Any CPU
		{F73A61EE-5D3D-4E22-A05E-0AD47B3C0CBA}.Debug|Any CPU.ActiveCfg = Debug|Any CPU
		{F73A61EE-5D3D-4E22-A05E-0AD47B3C0CBA}.Debug|Any CPU.Build.0 = Debug|Any CPU
		{F73A61EE-5D3D-4E22-A05E-0AD47B3C0CBA}.Debug|x64.ActiveCfg = Debug|Any CPU
		{F73A61EE-5D3D-4E22-A05E-0AD47B3C0CBA}.Debug|x64.Build.0 = Debug|Any CPU
		{F73A61EE-5D3D-4E22-A05E-0AD47B3C0CBA}.Debug|x86.ActiveCfg = Debug|Any CPU
		{F73A61EE-5D3D-4E22-A05E-0AD47B3C0CBA}.Debug|x86.Build.0 = Debug|Any CPU
		{F73A61EE-5D3D-4E22-A05E-0AD47B3C0CBA}.Release|Any CPU.ActiveCfg = Release|Any CPU
		{F73A61EE-5D3D-4E22-A05E-0AD47B3C0CBA}.Release|Any CPU.Build.0 = Release|Any CPU
		{F73A61EE-5D3D-4E22-A05E-0AD47B3C0CBA}.Release|x64.ActiveCfg = Release|Any CPU
		{F73A61EE-5D3D-4E22-A05E-0AD47B3C0CBA}.Release|x64.Build.0 = Release|Any CPU
		{F73A61EE-5D3D-4E22-A05E-0AD47B3C0CBA}.Release|x86.ActiveCfg = Release|Any CPU
		{F73A61EE-5D3D-4E22-A05E-0AD47B3C0CBA}.Release|x86.Build.0 = Release|Any CPU
		{E7FB523D-B119-4489-9D4C-292EBFC3F24F}.Debug|Any CPU.ActiveCfg = Debug|Any CPU
		{E7FB523D-B119-4489-9D4C-292EBFC3F24F}.Debug|Any CPU.Build.0 = Debug|Any CPU
		{E7FB523D-B119-4489-9D4C-292EBFC3F24F}.Debug|x64.ActiveCfg = Debug|Any CPU
		{E7FB523D-B119-4489-9D4C-292EBFC3F24F}.Debug|x64.Build.0 = Debug|Any CPU
		{E7FB523D-B119-4489-9D4C-292EBFC3F24F}.Debug|x86.ActiveCfg = Debug|Any CPU
		{E7FB523D-B119-4489-9D4C-292EBFC3F24F}.Debug|x86.Build.0 = Debug|Any CPU
		{E7FB523D-B119-4489-9D4C-292EBFC3F24F}.Release|Any CPU.ActiveCfg = Release|Any CPU
		{E7FB523D-B119-4489-9D4C-292EBFC3F24F}.Release|Any CPU.Build.0 = Release|Any CPU
		{E7FB523D-B119-4489-9D4C-292EBFC3F24F}.Release|x64.ActiveCfg = Release|Any CPU
		{E7FB523D-B119-4489-9D4C-292EBFC3F24F}.Release|x64.Build.0 = Release|Any CPU
		{E7FB523D-B119-4489-9D4C-292EBFC3F24F}.Release|x86.ActiveCfg = Release|Any CPU
		{E7FB523D-B119-4489-9D4C-292EBFC3F24F}.Release|x86.Build.0 = Release|Any CPU
		{721669B5-8678-42CD-9BDD-C4100A126AE7}.Debug|Any CPU.ActiveCfg = Debug|Any CPU
		{721669B5-8678-42CD-9BDD-C4100A126AE7}.Debug|Any CPU.Build.0 = Debug|Any CPU
		{721669B5-8678-42CD-9BDD-C4100A126AE7}.Debug|x64.ActiveCfg = Debug|Any CPU
		{721669B5-8678-42CD-9BDD-C4100A126AE7}.Debug|x64.Build.0 = Debug|Any CPU
		{721669B5-8678-42CD-9BDD-C4100A126AE7}.Debug|x86.ActiveCfg = Debug|Any CPU
		{721669B5-8678-42CD-9BDD-C4100A126AE7}.Debug|x86.Build.0 = Debug|Any CPU
		{721669B5-8678-42CD-9BDD-C4100A126AE7}.Release|Any CPU.ActiveCfg = Release|Any CPU
		{721669B5-8678-42CD-9BDD-C4100A126AE7}.Release|Any CPU.Build.0 = Release|Any CPU
		{721669B5-8678-42CD-9BDD-C4100A126AE7}.Release|x64.ActiveCfg = Release|Any CPU
		{721669B5-8678-42CD-9BDD-C4100A126AE7}.Release|x64.Build.0 = Release|Any CPU
		{721669B5-8678-42CD-9BDD-C4100A126AE7}.Release|x86.ActiveCfg = Release|Any CPU
		{721669B5-8678-42CD-9BDD-C4100A126AE7}.Release|x86.Build.0 = Release|Any CPU
		{2A37A91A-7E69-4184-A327-E595DB3F2FFB}.Debug|Any CPU.ActiveCfg = Debug|Any CPU
		{2A37A91A-7E69-4184-A327-E595DB3F2FFB}.Debug|Any CPU.Build.0 = Debug|Any CPU
		{2A37A91A-7E69-4184-A327-E595DB3F2FFB}.Debug|x64.ActiveCfg = Debug|Any CPU
		{2A37A91A-7E69-4184-A327-E595DB3F2FFB}.Debug|x64.Build.0 = Debug|Any CPU
		{2A37A91A-7E69-4184-A327-E595DB3F2FFB}.Debug|x86.ActiveCfg = Debug|Any CPU
		{2A37A91A-7E69-4184-A327-E595DB3F2FFB}.Debug|x86.Build.0 = Debug|Any CPU
		{2A37A91A-7E69-4184-A327-E595DB3F2FFB}.Release|Any CPU.ActiveCfg = Release|Any CPU
		{2A37A91A-7E69-4184-A327-E595DB3F2FFB}.Release|Any CPU.Build.0 = Release|Any CPU
		{2A37A91A-7E69-4184-A327-E595DB3F2FFB}.Release|x64.ActiveCfg = Release|Any CPU
		{2A37A91A-7E69-4184-A327-E595DB3F2FFB}.Release|x64.Build.0 = Release|Any CPU
		{2A37A91A-7E69-4184-A327-E595DB3F2FFB}.Release|x86.ActiveCfg = Release|Any CPU
		{2A37A91A-7E69-4184-A327-E595DB3F2FFB}.Release|x86.Build.0 = Release|Any CPU
		{448E920C-A150-40A2-A1DF-832FA0CA561A}.Debug|Any CPU.ActiveCfg = Debug|Any CPU
		{448E920C-A150-40A2-A1DF-832FA0CA561A}.Debug|Any CPU.Build.0 = Debug|Any CPU
		{448E920C-A150-40A2-A1DF-832FA0CA561A}.Debug|x64.ActiveCfg = Debug|Any CPU
		{448E920C-A150-40A2-A1DF-832FA0CA561A}.Debug|x64.Build.0 = Debug|Any CPU
		{448E920C-A150-40A2-A1DF-832FA0CA561A}.Debug|x86.ActiveCfg = Debug|Any CPU
		{448E920C-A150-40A2-A1DF-832FA0CA561A}.Debug|x86.Build.0 = Debug|Any CPU
		{448E920C-A150-40A2-A1DF-832FA0CA561A}.Release|Any CPU.ActiveCfg = Release|Any CPU
		{448E920C-A150-40A2-A1DF-832FA0CA561A}.Release|Any CPU.Build.0 = Release|Any CPU
		{448E920C-A150-40A2-A1DF-832FA0CA561A}.Release|x64.ActiveCfg = Release|Any CPU
		{448E920C-A150-40A2-A1DF-832FA0CA561A}.Release|x64.Build.0 = Release|Any CPU
		{448E920C-A150-40A2-A1DF-832FA0CA561A}.Release|x86.ActiveCfg = Release|Any CPU
		{448E920C-A150-40A2-A1DF-832FA0CA561A}.Release|x86.Build.0 = Release|Any CPU
		{12AA1F07-A352-4320-B587-85184E11D912}.Debug|Any CPU.ActiveCfg = Debug|Any CPU
		{12AA1F07-A352-4320-B587-85184E11D912}.Debug|Any CPU.Build.0 = Debug|Any CPU
		{12AA1F07-A352-4320-B587-85184E11D912}.Debug|x64.ActiveCfg = Debug|Any CPU
		{12AA1F07-A352-4320-B587-85184E11D912}.Debug|x64.Build.0 = Debug|Any CPU
		{12AA1F07-A352-4320-B587-85184E11D912}.Debug|x86.ActiveCfg = Debug|Any CPU
		{12AA1F07-A352-4320-B587-85184E11D912}.Debug|x86.Build.0 = Debug|Any CPU
		{12AA1F07-A352-4320-B587-85184E11D912}.Release|Any CPU.ActiveCfg = Release|Any CPU
		{12AA1F07-A352-4320-B587-85184E11D912}.Release|Any CPU.Build.0 = Release|Any CPU
		{12AA1F07-A352-4320-B587-85184E11D912}.Release|x64.ActiveCfg = Release|Any CPU
		{12AA1F07-A352-4320-B587-85184E11D912}.Release|x64.Build.0 = Release|Any CPU
		{12AA1F07-A352-4320-B587-85184E11D912}.Release|x86.ActiveCfg = Release|Any CPU
		{12AA1F07-A352-4320-B587-85184E11D912}.Release|x86.Build.0 = Release|Any CPU
		{6D3B0E95-43B6-4BC7-A02D-0BD9202C64AC}.Debug|Any CPU.ActiveCfg = Debug|Any CPU
		{6D3B0E95-43B6-4BC7-A02D-0BD9202C64AC}.Debug|Any CPU.Build.0 = Debug|Any CPU
		{6D3B0E95-43B6-4BC7-A02D-0BD9202C64AC}.Debug|x64.ActiveCfg = Debug|Any CPU
		{6D3B0E95-43B6-4BC7-A02D-0BD9202C64AC}.Debug|x64.Build.0 = Debug|Any CPU
		{6D3B0E95-43B6-4BC7-A02D-0BD9202C64AC}.Debug|x86.ActiveCfg = Debug|Any CPU
		{6D3B0E95-43B6-4BC7-A02D-0BD9202C64AC}.Debug|x86.Build.0 = Debug|Any CPU
		{6D3B0E95-43B6-4BC7-A02D-0BD9202C64AC}.Release|Any CPU.ActiveCfg = Release|Any CPU
		{6D3B0E95-43B6-4BC7-A02D-0BD9202C64AC}.Release|Any CPU.Build.0 = Release|Any CPU
		{6D3B0E95-43B6-4BC7-A02D-0BD9202C64AC}.Release|x64.ActiveCfg = Release|Any CPU
		{6D3B0E95-43B6-4BC7-A02D-0BD9202C64AC}.Release|x64.Build.0 = Release|Any CPU
		{6D3B0E95-43B6-4BC7-A02D-0BD9202C64AC}.Release|x86.ActiveCfg = Release|Any CPU
		{6D3B0E95-43B6-4BC7-A02D-0BD9202C64AC}.Release|x86.Build.0 = Release|Any CPU
		{E0278DE5-039D-47F4-BD2E-7DDB31DACC22}.Debug|Any CPU.ActiveCfg = Debug|Any CPU
		{E0278DE5-039D-47F4-BD2E-7DDB31DACC22}.Debug|Any CPU.Build.0 = Debug|Any CPU
		{E0278DE5-039D-47F4-BD2E-7DDB31DACC22}.Debug|x64.ActiveCfg = Debug|Any CPU
		{E0278DE5-039D-47F4-BD2E-7DDB31DACC22}.Debug|x64.Build.0 = Debug|Any CPU
		{E0278DE5-039D-47F4-BD2E-7DDB31DACC22}.Debug|x86.ActiveCfg = Debug|Any CPU
		{E0278DE5-039D-47F4-BD2E-7DDB31DACC22}.Debug|x86.Build.0 = Debug|Any CPU
		{E0278DE5-039D-47F4-BD2E-7DDB31DACC22}.Release|Any CPU.ActiveCfg = Release|Any CPU
		{E0278DE5-039D-47F4-BD2E-7DDB31DACC22}.Release|Any CPU.Build.0 = Release|Any CPU
		{E0278DE5-039D-47F4-BD2E-7DDB31DACC22}.Release|x64.ActiveCfg = Release|Any CPU
		{E0278DE5-039D-47F4-BD2E-7DDB31DACC22}.Release|x64.Build.0 = Release|Any CPU
		{E0278DE5-039D-47F4-BD2E-7DDB31DACC22}.Release|x86.ActiveCfg = Release|Any CPU
		{E0278DE5-039D-47F4-BD2E-7DDB31DACC22}.Release|x86.Build.0 = Release|Any CPU
		{57D88C47-E869-4FB3-BC66-9B2F347A69AD}.Debug|Any CPU.ActiveCfg = Debug|Any CPU
		{57D88C47-E869-4FB3-BC66-9B2F347A69AD}.Debug|Any CPU.Build.0 = Debug|Any CPU
		{57D88C47-E869-4FB3-BC66-9B2F347A69AD}.Debug|x64.ActiveCfg = Debug|Any CPU
		{57D88C47-E869-4FB3-BC66-9B2F347A69AD}.Debug|x64.Build.0 = Debug|Any CPU
		{57D88C47-E869-4FB3-BC66-9B2F347A69AD}.Debug|x86.ActiveCfg = Debug|Any CPU
		{57D88C47-E869-4FB3-BC66-9B2F347A69AD}.Debug|x86.Build.0 = Debug|Any CPU
		{57D88C47-E869-4FB3-BC66-9B2F347A69AD}.Release|Any CPU.ActiveCfg = Release|Any CPU
		{57D88C47-E869-4FB3-BC66-9B2F347A69AD}.Release|Any CPU.Build.0 = Release|Any CPU
		{57D88C47-E869-4FB3-BC66-9B2F347A69AD}.Release|x64.ActiveCfg = Release|Any CPU
		{57D88C47-E869-4FB3-BC66-9B2F347A69AD}.Release|x64.Build.0 = Release|Any CPU
		{57D88C47-E869-4FB3-BC66-9B2F347A69AD}.Release|x86.ActiveCfg = Release|Any CPU
		{57D88C47-E869-4FB3-BC66-9B2F347A69AD}.Release|x86.Build.0 = Release|Any CPU
		{1C73E6FE-6C39-46E7-8C56-5A1BCF8F76DA}.Debug|Any CPU.ActiveCfg = Debug|Any CPU
		{1C73E6FE-6C39-46E7-8C56-5A1BCF8F76DA}.Debug|Any CPU.Build.0 = Debug|Any CPU
		{1C73E6FE-6C39-46E7-8C56-5A1BCF8F76DA}.Debug|x64.ActiveCfg = Debug|Any CPU
		{1C73E6FE-6C39-46E7-8C56-5A1BCF8F76DA}.Debug|x64.Build.0 = Debug|Any CPU
		{1C73E6FE-6C39-46E7-8C56-5A1BCF8F76DA}.Debug|x86.ActiveCfg = Debug|Any CPU
		{1C73E6FE-6C39-46E7-8C56-5A1BCF8F76DA}.Debug|x86.Build.0 = Debug|Any CPU
		{1C73E6FE-6C39-46E7-8C56-5A1BCF8F76DA}.Release|Any CPU.ActiveCfg = Release|Any CPU
		{1C73E6FE-6C39-46E7-8C56-5A1BCF8F76DA}.Release|Any CPU.Build.0 = Release|Any CPU
		{1C73E6FE-6C39-46E7-8C56-5A1BCF8F76DA}.Release|x64.ActiveCfg = Release|Any CPU
		{1C73E6FE-6C39-46E7-8C56-5A1BCF8F76DA}.Release|x64.Build.0 = Release|Any CPU
		{1C73E6FE-6C39-46E7-8C56-5A1BCF8F76DA}.Release|x86.ActiveCfg = Release|Any CPU
		{1C73E6FE-6C39-46E7-8C56-5A1BCF8F76DA}.Release|x86.Build.0 = Release|Any CPU
		{838F9F76-BE34-40E3-BA0C-0873A80D102C}.Debug|Any CPU.ActiveCfg = Debug|Any CPU
		{838F9F76-BE34-40E3-BA0C-0873A80D102C}.Debug|Any CPU.Build.0 = Debug|Any CPU
		{838F9F76-BE34-40E3-BA0C-0873A80D102C}.Debug|Any CPU.Deploy.0 = Debug|Any CPU
		{838F9F76-BE34-40E3-BA0C-0873A80D102C}.Debug|x64.ActiveCfg = Debug|Any CPU
		{838F9F76-BE34-40E3-BA0C-0873A80D102C}.Debug|x64.Build.0 = Debug|Any CPU
		{838F9F76-BE34-40E3-BA0C-0873A80D102C}.Debug|x64.Deploy.0 = Debug|Any CPU
		{838F9F76-BE34-40E3-BA0C-0873A80D102C}.Debug|x86.ActiveCfg = Debug|Any CPU
		{838F9F76-BE34-40E3-BA0C-0873A80D102C}.Debug|x86.Build.0 = Debug|Any CPU
		{838F9F76-BE34-40E3-BA0C-0873A80D102C}.Debug|x86.Deploy.0 = Debug|Any CPU
		{838F9F76-BE34-40E3-BA0C-0873A80D102C}.Release|Any CPU.ActiveCfg = Release|Any CPU
		{838F9F76-BE34-40E3-BA0C-0873A80D102C}.Release|Any CPU.Build.0 = Release|Any CPU
		{838F9F76-BE34-40E3-BA0C-0873A80D102C}.Release|Any CPU.Deploy.0 = Release|Any CPU
		{838F9F76-BE34-40E3-BA0C-0873A80D102C}.Release|x64.ActiveCfg = Release|Any CPU
		{838F9F76-BE34-40E3-BA0C-0873A80D102C}.Release|x64.Build.0 = Release|Any CPU
		{838F9F76-BE34-40E3-BA0C-0873A80D102C}.Release|x64.Deploy.0 = Release|Any CPU
		{838F9F76-BE34-40E3-BA0C-0873A80D102C}.Release|x86.ActiveCfg = Release|Any CPU
		{838F9F76-BE34-40E3-BA0C-0873A80D102C}.Release|x86.Build.0 = Release|Any CPU
		{838F9F76-BE34-40E3-BA0C-0873A80D102C}.Release|x86.Deploy.0 = Release|Any CPU
	EndGlobalSection
	GlobalSection(SolutionProperties) = preSolution
		HideSolutionNode = FALSE
	EndGlobalSection
	GlobalSection(NestedProjects) = preSolution
		{68B700C9-C08C-46AA-85F6-9E6E9B3F745B} = {827E0CD3-B72D-47B6-A68D-7590B98EB39B}
		{6C17F3CA-81A1-4D63-B5FE-B5733E5C5E99} = {0AB3BF05-4346-4AA6-1389-037BE0695223}
		{F73A61EE-5D3D-4E22-A05E-0AD47B3C0CBA} = {827E0CD3-B72D-47B6-A68D-7590B98EB39B}
		{E7FB523D-B119-4489-9D4C-292EBFC3F24F} = {827E0CD3-B72D-47B6-A68D-7590B98EB39B}
		{721669B5-8678-42CD-9BDD-C4100A126AE7} = {827E0CD3-B72D-47B6-A68D-7590B98EB39B}
		{2A37A91A-7E69-4184-A327-E595DB3F2FFB} = {827E0CD3-B72D-47B6-A68D-7590B98EB39B}
		{448E920C-A150-40A2-A1DF-832FA0CA561A} = {827E0CD3-B72D-47B6-A68D-7590B98EB39B}
		{12AA1F07-A352-4320-B587-85184E11D912} = {0B25D7EC-A69D-02FA-0B6B-A9C9B7880A8B}
		{6D3B0E95-43B6-4BC7-A02D-0BD9202C64AC} = {0B25D7EC-A69D-02FA-0B6B-A9C9B7880A8B}
		{E0278DE5-039D-47F4-BD2E-7DDB31DACC22} = {0B25D7EC-A69D-02FA-0B6B-A9C9B7880A8B}
		{838F9F76-BE34-40E3-BA0C-0873A80D102C} = {E0096E63-5207-411F-2649-837654E3C58A}
	EndGlobalSection
	GlobalSection(ExtensibilityGlobals) = postSolution
		SolutionGuid = {2CBF16DC-71E5-48C6-9B54-1336149E5983}
	EndGlobalSection
EndGlobal
